
Microsoft Visual Studio Solution File, Format Version 12.00
# Visual Studio Version 16
VisualStudioVersion = 25.0.1705.6
MinimumVisualStudioVersion = 10.0.40219.1
Project("{FAE04EC0-301F-11D3-BF4B-00C04F79EFBC}") = "MarmaraMovieWorld", "MarmaraMovieWorld.csproj", "{7F9B403D-F16C-4BCA-AC6F-F1CD0798F0DA}"
EndProject
Global
	GlobalSection(SolutionConfigurationPlatforms) = preSolution
		Debug|Any CPU = Debug|Any CPU
		Release|Any CPU = Release|Any CPU
	EndGlobalSection
	GlobalSection(ProjectConfigurationPlatforms) = postSolution
		{7F9B403D-F16C-4BCA-AC6F-F1CD0798F0DA}.Debug|Any CPU.ActiveCfg = Debug|Any CPU
		{7F9B403D-F16C-4BCA-AC6F-F1CD0798F0DA}.Debug|Any CPU.Build.0 = Debug|Any CPU
		{7F9B403D-F16C-4BCA-AC6F-F1CD0798F0DA}.Release|Any CPU.ActiveCfg = Release|Any CPU
		{7F9B403D-F16C-4BCA-AC6F-F1CD0798F0DA}.Release|Any CPU.Build.0 = Release|Any CPU
	EndGlobalSection
	GlobalSection(SolutionProperties) = preSolution
		HideSolutionNode = FALSE
	EndGlobalSection
	GlobalSection(ExtensibilityGlobals) = postSolution
		SolutionGuid = {4CDCB1B5-506D-49C4-8701-4B623809ADF7}
	EndGlobalSection
EndGlobal
